
Microsoft Visual Studio Solution File, Format Version 12.00
# Visual Studio 15
VisualStudioVersion = 15.0.28010.2048
MinimumVisualStudioVersion = 10.0.40219.1
Project("{FAE04EC0-301F-11D3-BF4B-00C04F79EFBC}") = "Assembly-CSharp", "Assembly-CSharp.csproj", "{35F8B373-C599-785A-05EB-BF8EC1C6187F}"
EndProject
Global
	GlobalSection(SolutionConfigurationPlatforms) = preSolution
		Debug|Any CPU = Debug|Any CPU
		Release|Any CPU = Release|Any CPU
	EndGlobalSection
	GlobalSection(ProjectConfigurationPlatforms) = postSolution
		{35F8B373-C599-785A-05EB-BF8EC1C6187F}.Debug|Any CPU.ActiveCfg = Debug|Any CPU
		{35F8B373-C599-785A-05EB-BF8EC1C6187F}.Debug|Any CPU.Build.0 = Debug|Any CPU
		{35F8B373-C599-785A-05EB-BF8EC1C6187F}.Release|Any CPU.ActiveCfg = Release|Any CPU
		{35F8B373-C599-785A-05EB-BF8EC1C6187F}.Release|Any CPU.Build.0 = Release|Any CPU
	EndGlobalSection
	GlobalSection(SolutionProperties) = preSolution
		HideSolutionNode = FALSE
	EndGlobalSection
	GlobalSection(ExtensibilityGlobals) = postSolution
		SolutionGuid = {2F47F25A-13A2-436B-8879-0A04A7B9F49D}
	EndGlobalSection
EndGlobal
