
Microsoft Visual Studio Solution File, Format Version 12.00
# Visual Studio 15
VisualStudioVersion = 15.0.28010.2048
MinimumVisualStudioVersion = 10.0.40219.1
Project("{FAE04EC0-301F-11D3-BF4B-00C04F79EFBC}") = "ConsoleApp1", "ConsoleApp1\ConsoleApp1.csproj", "{B09C5AFA-E316-4B70-92B6-925B0F5CAA0F}"
EndProject
Global
	GlobalSection(SolutionConfigurationPlatforms) = preSolution
		Debug|Any CPU = Debug|Any CPU
		Release|Any CPU = Release|Any CPU
	EndGlobalSection
	GlobalSection(ProjectConfigurationPlatforms) = postSolution
		{B09C5AFA-E316-4B70-92B6-925B0F5CAA0F}.Debug|Any CPU.ActiveCfg = Debug|Any CPU
		{B09C5AFA-E316-4B70-92B6-925B0F5CAA0F}.Debug|Any CPU.Build.0 = Debug|Any CPU
		{B09C5AFA-E316-4B70-92B6-925B0F5CAA0F}.Release|Any CPU.ActiveCfg = Release|Any CPU
		{B09C5AFA-E316-4B70-92B6-925B0F5CAA0F}.Release|Any CPU.Build.0 = Release|Any CPU
	EndGlobalSection
	GlobalSection(SolutionProperties) = preSolution
		HideSolutionNode = FALSE
	EndGlobalSection
	GlobalSection(ExtensibilityGlobals) = postSolution
		SolutionGuid = {5C8E1CD8-76C5-4C44-9384-8C5F8176377B}
	EndGlobalSection
EndGlobal
